
Microsoft Visual Studio Solution File, Format Version 12.00
# Visual Studio 15
VisualStudioVersion = 15.0.28307.705
MinimumVisualStudioVersion = 10.0.40219.1
Project("{FAE04EC0-301F-11D3-BF4B-00C04F79EFBC}") = "SS2.CfgHelper", "SS2.CfgHelper\SS2.CfgHelper.csproj", "{68D72850-C8D4-4314-BD48-D4D562879FA5}"
EndProject
Project("{2150E333-8FDC-42A3-9474-1A3956D46DE8}") = "功能插件", "功能插件", "{70B7CBF5-9A6C-4E60-9686-E154E757C8EE}"
EndProject
Project("{2150E333-8FDC-42A3-9474-1A3956D46DE8}") = "单元测试", "单元测试", "{F59DDA59-174D-4EF1-9525-8FF14DC121B2}"
EndProject
Project("{FAE04EC0-301F-11D3-BF4B-00C04F79EFBC}") = "SS2.UnitTest", "SS2.UnitTest\SS2.UnitTest.csproj", "{90BF7EB4-C031-432E-9FFF-FB40A2AE3E45}"
EndProject
Project("{FAE04EC0-301F-11D3-BF4B-00C04F79EFBC}") = "SS2.CodeHelper", "SS2.CodeHelper\SS2.CodeHelper.csproj", "{471037AE-63C5-43C3-902E-C04D2F2F4C58}"
EndProject
Project("{FAE04EC0-301F-11D3-BF4B-00C04F79EFBC}") = "SS2.SSOWeb", "SS2.SSOWeb\SS2.SSOWeb.csproj", "{3301701E-29A5-48C3-ADF9-E4D69D7DD721}"
EndProject
Project("{2150E333-8FDC-42A3-9474-1A3956D46DE8}") = "单点登录", "单点登录", "{DD0A8303-F2A5-41AB-8F12-BB9B20BBD2F6}"
EndProject
Project("{FAE04EC0-301F-11D3-BF4B-00C04F79EFBC}") = "SS2.SSONet", "SS2.SSONet\SS2.SSONet.csproj", "{B4FB7591-755B-439D-B55B-E3F16DB14A5E}"
EndProject
Project("{2150E333-8FDC-42A3-9474-1A3956D46DE8}") = "组织架构", "组织架构", "{E83F63FE-D633-4D70-9ED7-4637D8A68DBA}"
EndProject
Project("{FAE04EC0-301F-11D3-BF4B-00C04F79EFBC}") = "SS2.OC", "SS2.OC\SS2.OC.csproj", "{22891E99-833B-4AA2-A64A-911476F9D195}"
EndProject
Project("{FAE04EC0-301F-11D3-BF4B-00C04F79EFBC}") = "SS2.Test2", "SS2.Test2\SS2.Test2.csproj", "{D92A8B3A-D6E0-4360-A6D6-9F4C5BB81311}"
EndProject
Project("{FAE04EC0-301F-11D3-BF4B-00C04F79EFBC}") = "SS2.Docs", "SS2.Docs\SS2.Docs.csproj", "{F6B6CD43-78B6-4565-8401-6BA2DA13EEE5}"
EndProject
Project("{2150E333-8FDC-42A3-9474-1A3956D46DE8}") = "框架组件", "框架组件", "{C9C76634-EF79-4A99-BA74-A7973EC11EDD}"
	ProjectSection(SolutionItems) = preProject
		ss2.config = ss2.config
	EndProjectSection
EndProject
Project("{2150E333-8FDC-42A3-9474-1A3956D46DE8}") = "流程引擎", "流程引擎", "{77AA9ECD-0798-49A0-A0B6-FD6BEF2F2F90}"
EndProject
Project("{FAE04EC0-301F-11D3-BF4B-00C04F79EFBC}") = "EasyBpm", "EasyBpm\EasyBpm.csproj", "{B0ABA578-A5B8-45B3-93B6-5682070342CD}"
EndProject
Project("{FAE04EC0-301F-11D3-BF4B-00C04F79EFBC}") = "SS2.TestWebForm", "SS2.TestWebForm\SS2.TestWebForm.csproj", "{320DF35A-D07B-404B-A553-13CE15D7926C}"
EndProject
Project("{FAE04EC0-301F-11D3-BF4B-00C04F79EFBC}") = "SS2.SControls", "SS2.SControls\SS2.SControls.csproj", "{63798CA6-C5B4-4554-8488-EB819A4689B5}"
EndProject
Project("{FAE04EC0-301F-11D3-BF4B-00C04F79EFBC}") = "SS2.SLogger", "SS2.SLogger\SS2.SLogger.csproj", "{741E8944-2DC9-4DF6-A51B-AB60A2A719BA}"
EndProject
Project("{FAE04EC0-301F-11D3-BF4B-00C04F79EFBC}") = "SS2.TestMVC", "SS2.TestMVC\SS2.TestMVC.csproj", "{99AFFCDB-66AF-48BD-8D17-F376E817FFBE}"
EndProject
Project("{FAE04EC0-301F-11D3-BF4B-00C04F79EFBC}") = "SS2.SReportTool", "SS2.SReportTool\SS2.SReportTool.csproj", "{1A73FCF1-DBA8-43E7-9E3C-886F3A64602D}"
EndProject
Project("{2150E333-8FDC-42A3-9474-1A3956D46DE8}") = "缓存服务", "缓存服务", "{CB36A9E0-D4C2-42E7-849C-AADC7612EFDA}"
EndProject
Project("{FAE04EC0-301F-11D3-BF4B-00C04F79EFBC}") = "SS2.SCache", "SS2.SCache\SS2.SCache.csproj", "{075E9084-F0CF-42B1-ABD4-5F5C5ED17F34}"
EndProject
Global
	GlobalSection(SubversionScc) = preSolution
		Svn-Managed = True
		Manager = AnkhSVN - Subversion Support for Visual Studio
	EndGlobalSection
	GlobalSection(SolutionConfigurationPlatforms) = preSolution
		Debug|Any CPU = Debug|Any CPU
		Release|Any CPU = Release|Any CPU
	EndGlobalSection
	GlobalSection(ProjectConfigurationPlatforms) = postSolution
		{68D72850-C8D4-4314-BD48-D4D562879FA5}.Debug|Any CPU.ActiveCfg = Debug|Any CPU
		{68D72850-C8D4-4314-BD48-D4D562879FA5}.Debug|Any CPU.Build.0 = Debug|Any CPU
		{68D72850-C8D4-4314-BD48-D4D562879FA5}.Release|Any CPU.ActiveCfg = Release|Any CPU
		{68D72850-C8D4-4314-BD48-D4D562879FA5}.Release|Any CPU.Build.0 = Release|Any CPU
		{90BF7EB4-C031-432E-9FFF-FB40A2AE3E45}.Debug|Any CPU.ActiveCfg = Debug|Any CPU
		{90BF7EB4-C031-432E-9FFF-FB40A2AE3E45}.Debug|Any CPU.Build.0 = Debug|Any CPU
		{90BF7EB4-C031-432E-9FFF-FB40A2AE3E45}.Release|Any CPU.ActiveCfg = Release|Any CPU
		{90BF7EB4-C031-432E-9FFF-FB40A2AE3E45}.Release|Any CPU.Build.0 = Release|Any CPU
		{471037AE-63C5-43C3-902E-C04D2F2F4C58}.Debug|Any CPU.ActiveCfg = Debug|Any CPU
		{471037AE-63C5-43C3-902E-C04D2F2F4C58}.Debug|Any CPU.Build.0 = Debug|Any CPU
		{471037AE-63C5-43C3-902E-C04D2F2F4C58}.Release|Any CPU.ActiveCfg = Release|Any CPU
		{471037AE-63C5-43C3-902E-C04D2F2F4C58}.Release|Any CPU.Build.0 = Release|Any CPU
		{3301701E-29A5-48C3-ADF9-E4D69D7DD721}.Debug|Any CPU.ActiveCfg = Debug|Any CPU
		{3301701E-29A5-48C3-ADF9-E4D69D7DD721}.Debug|Any CPU.Build.0 = Debug|Any CPU
		{3301701E-29A5-48C3-ADF9-E4D69D7DD721}.Release|Any CPU.ActiveCfg = Release|Any CPU
		{3301701E-29A5-48C3-ADF9-E4D69D7DD721}.Release|Any CPU.Build.0 = Release|Any CPU
		{B4FB7591-755B-439D-B55B-E3F16DB14A5E}.Debug|Any CPU.ActiveCfg = Debug|Any CPU
		{B4FB7591-755B-439D-B55B-E3F16DB14A5E}.Debug|Any CPU.Build.0 = Debug|Any CPU
		{B4FB7591-755B-439D-B55B-E3F16DB14A5E}.Release|Any CPU.ActiveCfg = Release|Any CPU
		{B4FB7591-755B-439D-B55B-E3F16DB14A5E}.Release|Any CPU.Build.0 = Release|Any CPU
		{22891E99-833B-4AA2-A64A-911476F9D195}.Debug|Any CPU.ActiveCfg = Debug|Any CPU
		{22891E99-833B-4AA2-A64A-911476F9D195}.Debug|Any CPU.Build.0 = Debug|Any CPU
		{22891E99-833B-4AA2-A64A-911476F9D195}.Release|Any CPU.ActiveCfg = Release|Any CPU
		{22891E99-833B-4AA2-A64A-911476F9D195}.Release|Any CPU.Build.0 = Release|Any CPU
		{D92A8B3A-D6E0-4360-A6D6-9F4C5BB81311}.Debug|Any CPU.ActiveCfg = Debug|Any CPU
		{D92A8B3A-D6E0-4360-A6D6-9F4C5BB81311}.Debug|Any CPU.Build.0 = Debug|Any CPU
		{D92A8B3A-D6E0-4360-A6D6-9F4C5BB81311}.Release|Any CPU.ActiveCfg = Release|Any CPU
		{D92A8B3A-D6E0-4360-A6D6-9F4C5BB81311}.Release|Any CPU.Build.0 = Release|Any CPU
		{F6B6CD43-78B6-4565-8401-6BA2DA13EEE5}.Debug|Any CPU.ActiveCfg = Debug|Any CPU
		{F6B6CD43-78B6-4565-8401-6BA2DA13EEE5}.Debug|Any CPU.Build.0 = Debug|Any CPU
		{F6B6CD43-78B6-4565-8401-6BA2DA13EEE5}.Release|Any CPU.ActiveCfg = Release|Any CPU
		{F6B6CD43-78B6-4565-8401-6BA2DA13EEE5}.Release|Any CPU.Build.0 = Release|Any CPU
		{B0ABA578-A5B8-45B3-93B6-5682070342CD}.Debug|Any CPU.ActiveCfg = Debug|Any CPU
		{B0ABA578-A5B8-45B3-93B6-5682070342CD}.Debug|Any CPU.Build.0 = Debug|Any CPU
		{B0ABA578-A5B8-45B3-93B6-5682070342CD}.Release|Any CPU.ActiveCfg = Release|Any CPU
		{B0ABA578-A5B8-45B3-93B6-5682070342CD}.Release|Any CPU.Build.0 = Release|Any CPU
		{320DF35A-D07B-404B-A553-13CE15D7926C}.Debug|Any CPU.ActiveCfg = Debug|Any CPU
		{320DF35A-D07B-404B-A553-13CE15D7926C}.Debug|Any CPU.Build.0 = Debug|Any CPU
		{320DF35A-D07B-404B-A553-13CE15D7926C}.Release|Any CPU.ActiveCfg = Release|Any CPU
		{320DF35A-D07B-404B-A553-13CE15D7926C}.Release|Any CPU.Build.0 = Release|Any CPU
		{63798CA6-C5B4-4554-8488-EB819A4689B5}.Debug|Any CPU.ActiveCfg = Debug|Any CPU
		{63798CA6-C5B4-4554-8488-EB819A4689B5}.Debug|Any CPU.Build.0 = Debug|Any CPU
		{63798CA6-C5B4-4554-8488-EB819A4689B5}.Release|Any CPU.ActiveCfg = Release|Any CPU
		{63798CA6-C5B4-4554-8488-EB819A4689B5}.Release|Any CPU.Build.0 = Release|Any CPU
		{741E8944-2DC9-4DF6-A51B-AB60A2A719BA}.Debug|Any CPU.ActiveCfg = Debug|Any CPU
		{741E8944-2DC9-4DF6-A51B-AB60A2A719BA}.Debug|Any CPU.Build.0 = Debug|Any CPU
		{741E8944-2DC9-4DF6-A51B-AB60A2A719BA}.Release|Any CPU.ActiveCfg = Release|Any CPU
		{741E8944-2DC9-4DF6-A51B-AB60A2A719BA}.Release|Any CPU.Build.0 = Release|Any CPU
		{99AFFCDB-66AF-48BD-8D17-F376E817FFBE}.Debug|Any CPU.ActiveCfg = Debug|Any CPU
		{99AFFCDB-66AF-48BD-8D17-F376E817FFBE}.Debug|Any CPU.Build.0 = Debug|Any CPU
		{99AFFCDB-66AF-48BD-8D17-F376E817FFBE}.Release|Any CPU.ActiveCfg = Release|Any CPU
		{99AFFCDB-66AF-48BD-8D17-F376E817FFBE}.Release|Any CPU.Build.0 = Release|Any CPU
		{1A73FCF1-DBA8-43E7-9E3C-886F3A64602D}.Debug|Any CPU.ActiveCfg = Debug|Any CPU
		{1A73FCF1-DBA8-43E7-9E3C-886F3A64602D}.Debug|Any CPU.Build.0 = Debug|Any CPU
		{1A73FCF1-DBA8-43E7-9E3C-886F3A64602D}.Release|Any CPU.ActiveCfg = Release|Any CPU
		{1A73FCF1-DBA8-43E7-9E3C-886F3A64602D}.Release|Any CPU.Build.0 = Release|Any CPU
		{075E9084-F0CF-42B1-ABD4-5F5C5ED17F34}.Debug|Any CPU.ActiveCfg = Debug|Any CPU
		{075E9084-F0CF-42B1-ABD4-5F5C5ED17F34}.Debug|Any CPU.Build.0 = Debug|Any CPU
		{075E9084-F0CF-42B1-ABD4-5F5C5ED17F34}.Release|Any CPU.ActiveCfg = Release|Any CPU
		{075E9084-F0CF-42B1-ABD4-5F5C5ED17F34}.Release|Any CPU.Build.0 = Release|Any CPU
	EndGlobalSection
	GlobalSection(SolutionProperties) = preSolution
		HideSolutionNode = FALSE
	EndGlobalSection
	GlobalSection(NestedProjects) = preSolution
		{68D72850-C8D4-4314-BD48-D4D562879FA5} = {70B7CBF5-9A6C-4E60-9686-E154E757C8EE}
		{70B7CBF5-9A6C-4E60-9686-E154E757C8EE} = {C9C76634-EF79-4A99-BA74-A7973EC11EDD}
		{90BF7EB4-C031-432E-9FFF-FB40A2AE3E45} = {F59DDA59-174D-4EF1-9525-8FF14DC121B2}
		{471037AE-63C5-43C3-902E-C04D2F2F4C58} = {70B7CBF5-9A6C-4E60-9686-E154E757C8EE}
		{3301701E-29A5-48C3-ADF9-E4D69D7DD721} = {DD0A8303-F2A5-41AB-8F12-BB9B20BBD2F6}
		{DD0A8303-F2A5-41AB-8F12-BB9B20BBD2F6} = {C9C76634-EF79-4A99-BA74-A7973EC11EDD}
		{B4FB7591-755B-439D-B55B-E3F16DB14A5E} = {DD0A8303-F2A5-41AB-8F12-BB9B20BBD2F6}
		{E83F63FE-D633-4D70-9ED7-4637D8A68DBA} = {C9C76634-EF79-4A99-BA74-A7973EC11EDD}
		{22891E99-833B-4AA2-A64A-911476F9D195} = {E83F63FE-D633-4D70-9ED7-4637D8A68DBA}
		{D92A8B3A-D6E0-4360-A6D6-9F4C5BB81311} = {F59DDA59-174D-4EF1-9525-8FF14DC121B2}
		{77AA9ECD-0798-49A0-A0B6-FD6BEF2F2F90} = {C9C76634-EF79-4A99-BA74-A7973EC11EDD}
		{B0ABA578-A5B8-45B3-93B6-5682070342CD} = {77AA9ECD-0798-49A0-A0B6-FD6BEF2F2F90}
		{320DF35A-D07B-404B-A553-13CE15D7926C} = {F59DDA59-174D-4EF1-9525-8FF14DC121B2}
		{63798CA6-C5B4-4554-8488-EB819A4689B5} = {70B7CBF5-9A6C-4E60-9686-E154E757C8EE}
		{741E8944-2DC9-4DF6-A51B-AB60A2A719BA} = {70B7CBF5-9A6C-4E60-9686-E154E757C8EE}
		{99AFFCDB-66AF-48BD-8D17-F376E817FFBE} = {F59DDA59-174D-4EF1-9525-8FF14DC121B2}
		{1A73FCF1-DBA8-43E7-9E3C-886F3A64602D} = {70B7CBF5-9A6C-4E60-9686-E154E757C8EE}
		{CB36A9E0-D4C2-42E7-849C-AADC7612EFDA} = {C9C76634-EF79-4A99-BA74-A7973EC11EDD}
		{075E9084-F0CF-42B1-ABD4-5F5C5ED17F34} = {CB36A9E0-D4C2-42E7-849C-AADC7612EFDA}
	EndGlobalSection
	GlobalSection(ExtensibilityGlobals) = postSolution
		SolutionGuid = {EED00DDF-15A6-4CE0-865D-7280A2478008}
	EndGlobalSection
EndGlobal
